
Microsoft Visual Studio Solution File, Format Version 12.00
# Visual Studio Version 17
VisualStudioVersion = 17.3.32825.248
MinimumVisualStudioVersion = 10.0.40219.1
Project("{FAE04EC0-301F-11D3-BF4B-00C04F79EFBC}") = "TestAutomationVMAPI", "TestAutomationVMAPI\TestAutomationVMAPI.csproj", "{69F8A023-E6CF-4BA1-9FC9-1255344DBB01}"
EndProject
Global
	GlobalSection(SolutionConfigurationPlatforms) = preSolution
		Debug|Any CPU = Debug|Any CPU
		Release|Any CPU = Release|Any CPU
	EndGlobalSection
	GlobalSection(ProjectConfigurationPlatforms) = postSolution
		{69F8A023-E6CF-4BA1-9FC9-1255344DBB01}.Debug|Any CPU.ActiveCfg = Debug|Any CPU
		{69F8A023-E6CF-4BA1-9FC9-1255344DBB01}.Debug|Any CPU.Build.0 = Debug|Any CPU
		{69F8A023-E6CF-4BA1-9FC9-1255344DBB01}.Release|Any CPU.ActiveCfg = Release|Any CPU
		{69F8A023-E6CF-4BA1-9FC9-1255344DBB01}.Release|Any CPU.Build.0 = Release|Any CPU
	EndGlobalSection
	GlobalSection(SolutionProperties) = preSolution
		HideSolutionNode = FALSE
	EndGlobalSection
	GlobalSection(ExtensibilityGlobals) = postSolution
		SolutionGuid = {F1333EEB-A9C7-4E0A-A2B0-779C1EB1070E}
	EndGlobalSection
EndGlobal
